// !$*UTF8*$!
{
	archiveVersion = 1;
	classes = {
	};
	objectVersion = 55;
	objects = {

/* Begin PBXBuildFile section */
		5E9406E928D191BA00E3E1B3 /* MoviesCentreApp.swift in Sources */ = {isa = PBXBuildFile; fileRef = 5E9406E828D191BA00E3E1B3 /* MoviesCentreApp.swift */; };
		5E9406EB28D191BA00E3E1B3 /* ContentView.swift in Sources */ = {isa = PBXBuildFile; fileRef = 5E9406EA28D191BA00E3E1B3 /* ContentView.swift */; };
		5E9406ED28D191BC00E3E1B3 /* Assets.xcassets in Resources */ = {isa = PBXBuildFile; fileRef = 5E9406EC28D191BC00E3E1B3 /* Assets.xcassets */; };
		5E9406F028D191BC00E3E1B3 /* Preview Assets.xcassets in Resources */ = {isa = PBXBuildFile; fileRef = 5E9406EF28D191BC00E3E1B3 /* Preview Assets.xcassets */; };
		5E9406FD28D192FA00E3E1B3 /* MoviesCentreTests.swift in Sources */ = {isa = PBXBuildFile; fileRef = 5E9406FC28D192FA00E3E1B3 /* MoviesCentreTests.swift */; };
		5E94070428D1931600E3E1B3 /* MovieApiServiceTests.swift in Sources */ = {isa = PBXBuildFile; fileRef = 5E94070328D1931600E3E1B3 /* MovieApiServiceTests.swift */; };
		5E94070728D1940100E3E1B3 /* URLSessionStub.swift in Sources */ = {isa = PBXBuildFile; fileRef = 5E94070628D1940100E3E1B3 /* URLSessionStub.swift */; };
		5E94070A28D194B100E3E1B3 /* URLSessionProtocol.swift in Sources */ = {isa = PBXBuildFile; fileRef = 5E94070928D194B100E3E1B3 /* URLSessionProtocol.swift */; };
		5E94070D28D19A3500E3E1B3 /* MovieApiService.swift in Sources */ = {isa = PBXBuildFile; fileRef = 5E94070C28D19A3500E3E1B3 /* MovieApiService.swift */; };
		5E94071028D19DB000E3E1B3 /* Api.swift in Sources */ = {isa = PBXBuildFile; fileRef = 5E94070F28D19DB000E3E1B3 /* Api.swift */; };
/* End PBXBuildFile section */

/* Begin PBXContainerItemProxy section */
		5E9406FE28D192FA00E3E1B3 /* PBXContainerItemProxy */ = {
			isa = PBXContainerItemProxy;
			containerPortal = 5E9406DD28D191BA00E3E1B3 /* Project object */;
			proxyType = 1;
			remoteGlobalIDString = 5E9406E428D191BA00E3E1B3;
			remoteInfo = MoviesCentre;
		};
/* End PBXContainerItemProxy section */

/* Begin PBXFileReference section */
		5E9406E528D191BA00E3E1B3 /* MoviesCentre.app */ = {isa = PBXFileReference; explicitFileType = wrapper.application; includeInIndex = 0; path = MoviesCentre.app; sourceTree = BUILT_PRODUCTS_DIR; };
		5E9406E828D191BA00E3E1B3 /* MoviesCentreApp.swift */ = {isa = PBXFileReference; lastKnownFileType = sourcecode.swift; path = MoviesCentreApp.swift; sourceTree = "<group>"; };
		5E9406EA28D191BA00E3E1B3 /* ContentView.swift */ = {isa = PBXFileReference; lastKnownFileType = sourcecode.swift; path = ContentView.swift; sourceTree = "<group>"; };
		5E9406EC28D191BC00E3E1B3 /* Assets.xcassets */ = {isa = PBXFileReference; lastKnownFileType = folder.assetcatalog; path = Assets.xcassets; sourceTree = "<group>"; };
		5E9406EF28D191BC00E3E1B3 /* Preview Assets.xcassets */ = {isa = PBXFileReference; lastKnownFileType = folder.assetcatalog; path = "Preview Assets.xcassets"; sourceTree = "<group>"; };
		5E9406FA28D192FA00E3E1B3 /* MoviesCentreTests.xctest */ = {isa = PBXFileReference; explicitFileType = wrapper.cfbundle; includeInIndex = 0; path = MoviesCentreTests.xctest; sourceTree = BUILT_PRODUCTS_DIR; };
		5E9406FC28D192FA00E3E1B3 /* MoviesCentreTests.swift */ = {isa = PBXFileReference; lastKnownFileType = sourcecode.swift; path = MoviesCentreTests.swift; sourceTree = "<group>"; };
		5E94070328D1931600E3E1B3 /* MovieApiServiceTests.swift */ = {isa = PBXFileReference; lastKnownFileType = sourcecode.swift; path = MovieApiServiceTests.swift; sourceTree = "<group>"; };
		5E94070628D1940100E3E1B3 /* URLSessionStub.swift */ = {isa = PBXFileReference; lastKnownFileType = sourcecode.swift; path = URLSessionStub.swift; sourceTree = "<group>"; };
		5E94070928D194B100E3E1B3 /* URLSessionProtocol.swift */ = {isa = PBXFileReference; lastKnownFileType = sourcecode.swift; path = URLSessionProtocol.swift; sourceTree = "<group>"; };
		5E94070C28D19A3500E3E1B3 /* MovieApiService.swift */ = {isa = PBXFileReference; lastKnownFileType = sourcecode.swift; path = MovieApiService.swift; sourceTree = "<group>"; };
		5E94070F28D19DB000E3E1B3 /* Api.swift */ = {isa = PBXFileReference; lastKnownFileType = sourcecode.swift; path = Api.swift; sourceTree = "<group>"; };
/* End PBXFileReference section */

/* Begin PBXFrameworksBuildPhase section */
		5E9406E228D191BA00E3E1B3 /* Frameworks */ = {
			isa = PBXFrameworksBuildPhase;
			buildActionMask = 2147483647;
			files = (
			);
			runOnlyForDeploymentPostprocessing = 0;
		};
		5E9406F728D192FA00E3E1B3 /* Frameworks */ = {
			isa = PBXFrameworksBuildPhase;
			buildActionMask = 2147483647;
			files = (
			);
			runOnlyForDeploymentPostprocessing = 0;
		};
/* End PBXFrameworksBuildPhase section */

/* Begin PBXGroup section */
		5E9406DC28D191BA00E3E1B3 = {
			isa = PBXGroup;
			children = (
				5E9406E728D191BA00E3E1B3 /* MoviesCentre */,
				5E9406FB28D192FA00E3E1B3 /* MoviesCentreTests */,
				5E9406E628D191BA00E3E1B3 /* Products */,
			);
			sourceTree = "<group>";
		};
		5E9406E628D191BA00E3E1B3 /* Products */ = {
			isa = PBXGroup;
			children = (
				5E9406E528D191BA00E3E1B3 /* MoviesCentre.app */,
				5E9406FA28D192FA00E3E1B3 /* MoviesCentreTests.xctest */,
			);
			name = Products;
			sourceTree = "<group>";
		};
		5E9406E728D191BA00E3E1B3 /* MoviesCentre */ = {
			isa = PBXGroup;
			children = (
				5E94070E28D19DA400E3E1B3 /* Resources */,
				5E94070B28D19A2400E3E1B3 /* Services */,
				5E94070828D1948000E3E1B3 /* Protocols */,
				5E9406E828D191BA00E3E1B3 /* MoviesCentreApp.swift */,
				5E9406EA28D191BA00E3E1B3 /* ContentView.swift */,
				5E9406EC28D191BC00E3E1B3 /* Assets.xcassets */,
				5E9406EE28D191BC00E3E1B3 /* Preview Content */,
			);
			path = MoviesCentre;
			sourceTree = "<group>";
		};
		5E9406EE28D191BC00E3E1B3 /* Preview Content */ = {
			isa = PBXGroup;
			children = (
				5E9406EF28D191BC00E3E1B3 /* Preview Assets.xcassets */,
			);
			path = "Preview Content";
			sourceTree = "<group>";
		};
		5E9406FB28D192FA00E3E1B3 /* MoviesCentreTests */ = {
			isa = PBXGroup;
			children = (
				5E94070528D193E800E3E1B3 /* Resources */,
				5E94070328D1931600E3E1B3 /* MovieApiServiceTests.swift */,
				5E9406FC28D192FA00E3E1B3 /* MoviesCentreTests.swift */,
			);
			path = MoviesCentreTests;
			sourceTree = "<group>";
		};
		5E94070528D193E800E3E1B3 /* Resources */ = {
			isa = PBXGroup;
			children = (
				5E94070628D1940100E3E1B3 /* URLSessionStub.swift */,
			);
			path = Resources;
			sourceTree = "<group>";
		};
		5E94070828D1948000E3E1B3 /* Protocols */ = {
			isa = PBXGroup;
			children = (
				5E94070928D194B100E3E1B3 /* URLSessionProtocol.swift */,
			);
			path = Protocols;
			sourceTree = "<group>";
		};
		5E94070B28D19A2400E3E1B3 /* Services */ = {
			isa = PBXGroup;
			children = (
				5E94070C28D19A3500E3E1B3 /* MovieApiService.swift */,
			);
			path = Services;
			sourceTree = "<group>";
		};
		5E94070E28D19DA400E3E1B3 /* Resources */ = {
			isa = PBXGroup;
			children = (
				5E94070F28D19DB000E3E1B3 /* Api.swift */,
			);
			path = Resources;
			sourceTree = "<group>";
		};
/* End PBXGroup section */

/* Begin PBXNativeTarget section */
		5E9406E428D191BA00E3E1B3 /* MoviesCentre */ = {
			isa = PBXNativeTarget;
			buildConfigurationList = 5E9406F328D191BC00E3E1B3 /* Build configuration list for PBXNativeTarget "MoviesCentre" */;
			buildPhases = (
				5E9406E128D191BA00E3E1B3 /* Sources */,
				5E9406E228D191BA00E3E1B3 /* Frameworks */,
				5E9406E328D191BA00E3E1B3 /* Resources */,
			);
			buildRules = (
			);
			dependencies = (
			);
			name = MoviesCentre;
			productName = MoviesCentre;
			productReference = 5E9406E528D191BA00E3E1B3 /* MoviesCentre.app */;
			productType = "com.apple.product-type.application";
		};
		5E9406F928D192FA00E3E1B3 /* MoviesCentreTests */ = {
			isa = PBXNativeTarget;
			buildConfigurationList = 5E94070028D192FA00E3E1B3 /* Build configuration list for PBXNativeTarget "MoviesCentreTests" */;
			buildPhases = (
				5E9406F628D192FA00E3E1B3 /* Sources */,
				5E9406F728D192FA00E3E1B3 /* Frameworks */,
				5E9406F828D192FA00E3E1B3 /* Resources */,
			);
			buildRules = (
			);
			dependencies = (
				5E9406FF28D192FA00E3E1B3 /* PBXTargetDependency */,
			);
			name = MoviesCentreTests;
			productName = MoviesCentreTests;
			productReference = 5E9406FA28D192FA00E3E1B3 /* MoviesCentreTests.xctest */;
			productType = "com.apple.product-type.bundle.unit-test";
		};
/* End PBXNativeTarget section */

/* Begin PBXProject section */
		5E9406DD28D191BA00E3E1B3 /* Project object */ = {
			isa = PBXProject;
			attributes = {
				BuildIndependentTargetsInParallel = 1;
				LastSwiftUpdateCheck = 1340;
				LastUpgradeCheck = 1340;
				TargetAttributes = {
					5E9406E428D191BA00E3E1B3 = {
						CreatedOnToolsVersion = 13.4.1;
					};
					5E9406F928D192FA00E3E1B3 = {
						CreatedOnToolsVersion = 13.4.1;
						TestTargetID = 5E9406E428D191BA00E3E1B3;
					};
				};
			};
			buildConfigurationList = 5E9406E028D191BA00E3E1B3 /* Build configuration list for PBXProject "MoviesCentre" */;
			compatibilityVersion = "Xcode 13.0";
			developmentRegion = en;
			hasScannedForEncodings = 0;
			knownRegions = (
				en,
				Base,
			);
			mainGroup = 5E9406DC28D191BA00E3E1B3;
			productRefGroup = 5E9406E628D191BA00E3E1B3 /* Products */;
			projectDirPath = "";
			projectRoot = "";
			targets = (
				5E9406E428D191BA00E3E1B3 /* MoviesCentre */,
				5E9406F928D192FA00E3E1B3 /* MoviesCentreTests */,
			);
		};
/* End PBXProject section */

/* Begin PBXResourcesBuildPhase section */
		5E9406E328D191BA00E3E1B3 /* Resources */ = {
			isa = PBXResourcesBuildPhase;
			buildActionMask = 2147483647;
			files = (
				5E9406F028D191BC00E3E1B3 /* Preview Assets.xcassets in Resources */,
				5E9406ED28D191BC00E3E1B3 /* Assets.xcassets in Resources */,
			);
			runOnlyForDeploymentPostprocessing = 0;
		};
		5E9406F828D192FA00E3E1B3 /* Resources */ = {
			isa = PBXResourcesBuildPhase;
			buildActionMask = 2147483647;
			files = (
			);
			runOnlyForDeploymentPostprocessing = 0;
		};
/* End PBXResourcesBuildPhase section */

/* Begin PBXSourcesBuildPhase section */
		5E9406E128D191BA00E3E1B3 /* Sources */ = {
			isa = PBXSourcesBuildPhase;
			buildActionMask = 2147483647;
			files = (
				5E94070A28D194B100E3E1B3 /* URLSessionProtocol.swift in Sources */,
				5E9406EB28D191BA00E3E1B3 /* ContentView.swift in Sources */,
				5E9406E928D191BA00E3E1B3 /* MoviesCentreApp.swift in Sources */,
				5E94071028D19DB000E3E1B3 /* Api.swift in Sources */,
				5E94070D28D19A3500E3E1B3 /* MovieApiService.swift in Sources */,
			);
			runOnlyForDeploymentPostprocessing = 0;
		};
		5E9406F628D192FA00E3E1B3 /* Sources */ = {
			isa = PBXSourcesBuildPhase;
			buildActionMask = 2147483647;
			files = (
				5E9406FD28D192FA00E3E1B3 /* MoviesCentreTests.swift in Sources */,
				5E94070428D1931600E3E1B3 /* MovieApiServiceTests.swift in Sources */,
				5E94070728D1940100E3E1B3 /* URLSessionStub.swift in Sources */,
			);
			runOnlyForDeploymentPostprocessing = 0;
		};
/* End PBXSourcesBuildPhase section */

/* Begin PBXTargetDependency section */
		5E9406FF28D192FA00E3E1B3 /* PBXTargetDependency */ = {
			isa = PBXTargetDependency;
			target = 5E9406E428D191BA00E3E1B3 /* MoviesCentre */;
			targetProxy = 5E9406FE28D192FA00E3E1B3 /* PBXContainerItemProxy */;
		};
/* End PBXTargetDependency section */

/* Begin XCBuildConfiguration section */
		5E9406F128D191BC00E3E1B3 /* Debug */ = {
			isa = XCBuildConfiguration;
			buildSettings = {
				ALWAYS_SEARCH_USER_PATHS = NO;
				CLANG_ANALYZER_NONNULL = YES;
				CLANG_ANALYZER_NUMBER_OBJECT_CONVERSION = YES_AGGRESSIVE;
				CLANG_CXX_LANGUAGE_STANDARD = "gnu++17";
				CLANG_ENABLE_MODULES = YES;
				CLANG_ENABLE_OBJC_ARC = YES;
				CLANG_ENABLE_OBJC_WEAK = YES;
				CLANG_WARN_BLOCK_CAPTURE_AUTORELEASING = YES;
				CLANG_WARN_BOOL_CONVERSION = YES;
				CLANG_WARN_COMMA = YES;
				CLANG_WARN_CONSTANT_CONVERSION = YES;
				CLANG_WARN_DEPRECATED_OBJC_IMPLEMENTATIONS = YES;
				CLANG_WARN_DIRECT_OBJC_ISA_USAGE = YES_ERROR;
				CLANG_WARN_DOCUMENTATION_COMMENTS = YES;
				CLANG_WARN_EMPTY_BODY = YES;
				CLANG_WARN_ENUM_CONVERSION = YES;
				CLANG_WARN_INFINITE_RECURSION = YES;
				CLANG_WARN_INT_CONVERSION = YES;
				CLANG_WARN_NON_LITERAL_NULL_CONVERSION = YES;
				CLANG_WARN_OBJC_IMPLICIT_RETAIN_SELF = YES;
				CLANG_WARN_OBJC_LITERAL_CONVERSION = YES;
				CLANG_WARN_OBJC_ROOT_CLASS = YES_ERROR;
				CLANG_WARN_QUOTED_INCLUDE_IN_FRAMEWORK_HEADER = YES;
				CLANG_WARN_RANGE_LOOP_ANALYSIS = YES;
				CLANG_WARN_STRICT_PROTOTYPES = YES;
				CLANG_WARN_SUSPICIOUS_MOVE = YES;
				CLANG_WARN_UNGUARDED_AVAILABILITY = YES_AGGRESSIVE;
				CLANG_WARN_UNREACHABLE_CODE = YES;
				CLANG_WARN__DUPLICATE_METHOD_MATCH = YES;
				COPY_PHASE_STRIP = NO;
				DEBUG_INFORMATION_FORMAT = dwarf;
				ENABLE_STRICT_OBJC_MSGSEND = YES;
				ENABLE_TESTABILITY = YES;
				GCC_C_LANGUAGE_STANDARD = gnu11;
				GCC_DYNAMIC_NO_PIC = NO;
				GCC_NO_COMMON_BLOCKS = YES;
				GCC_OPTIMIZATION_LEVEL = 0;
				GCC_PREPROCESSOR_DEFINITIONS = (
					"DEBUG=1",
					"$(inherited)",
				);
				GCC_WARN_64_TO_32_BIT_CONVERSION = YES;
				GCC_WARN_ABOUT_RETURN_TYPE = YES_ERROR;
				GCC_WARN_UNDECLARED_SELECTOR = YES;
				GCC_WARN_UNINITIALIZED_AUTOS = YES_AGGRESSIVE;
				GCC_WARN_UNUSED_FUNCTION = YES;
				GCC_WARN_UNUSED_VARIABLE = YES;
				IPHONEOS_DEPLOYMENT_TARGET = 15.5;
				MTL_ENABLE_DEBUG_INFO = INCLUDE_SOURCE;
				MTL_FAST_MATH = YES;
				ONLY_ACTIVE_ARCH = YES;
				SDKROOT = iphoneos;
				SWIFT_ACTIVE_COMPILATION_CONDITIONS = DEBUG;
				SWIFT_OPTIMIZATION_LEVEL = "-Onone";
			};
			name = Debug;
		};
		5E9406F228D191BC00E3E1B3 /* Release */ = {
			isa = XCBuildConfiguration;
			buildSettings = {
				ALWAYS_SEARCH_USER_PATHS = NO;
				CLANG_ANALYZER_NONNULL = YES;
				CLANG_ANALYZER_NUMBER_OBJECT_CONVERSION = YES_AGGRESSIVE;
				CLANG_CXX_LANGUAGE_STANDARD = "gnu++17";
				CLANG_ENABLE_MODULES = YES;
				CLANG_ENABLE_OBJC_ARC = YES;
				CLANG_ENABLE_OBJC_WEAK = YES;
				CLANG_WARN_BLOCK_CAPTURE_AUTORELEASING = YES;
				CLANG_WARN_BOOL_CONVERSION = YES;
				CLANG_WARN_COMMA = YES;
				CLANG_WARN_CONSTANT_CONVERSION = YES;
				CLANG_WARN_DEPRECATED_OBJC_IMPLEMENTATIONS = YES;
				CLANG_WARN_DIRECT_OBJC_ISA_USAGE = YES_ERROR;
				CLANG_WARN_DOCUMENTATION_COMMENTS = YES;
				CLANG_WARN_EMPTY_BODY = YES;
				CLANG_WARN_ENUM_CONVERSION = YES;
				CLANG_WARN_INFINITE_RECURSION = YES;
				CLANG_WARN_INT_CONVERSION = YES;
				CLANG_WARN_NON_LITERAL_NULL_CONVERSION = YES;
				CLANG_WARN_OBJC_IMPLICIT_RETAIN_SELF = YES;
				CLANG_WARN_OBJC_LITERAL_CONVERSION = YES;
				CLANG_WARN_OBJC_ROOT_CLASS = YES_ERROR;
				CLANG_WARN_QUOTED_INCLUDE_IN_FRAMEWORK_HEADER = YES;
				CLANG_WARN_RANGE_LOOP_ANALYSIS = YES;
				CLANG_WARN_STRICT_PROTOTYPES = YES;
				CLANG_WARN_SUSPICIOUS_MOVE = YES;
				CLANG_WARN_UNGUARDED_AVAILABILITY = YES_AGGRESSIVE;
				CLANG_WARN_UNREACHABLE_CODE = YES;
				CLANG_WARN__DUPLICATE_METHOD_MATCH = YES;
				COPY_PHASE_STRIP = NO;
				DEBUG_INFORMATION_FORMAT = "dwarf-with-dsym";
				ENABLE_NS_ASSERTIONS = NO;
				ENABLE_STRICT_OBJC_MSGSEND = YES;
				GCC_C_LANGUAGE_STANDARD = gnu11;
				GCC_NO_COMMON_BLOCKS = YES;
				GCC_WARN_64_TO_32_BIT_CONVERSION = YES;
				GCC_WARN_ABOUT_RETURN_TYPE = YES_ERROR;
				GCC_WARN_UNDECLARED_SELECTOR = YES;
				GCC_WARN_UNINITIALIZED_AUTOS = YES_AGGRESSIVE;
				GCC_WARN_UNUSED_FUNCTION = YES;
				GCC_WARN_UNUSED_VARIABLE = YES;
				IPHONEOS_DEPLOYMENT_TARGET = 15.5;
				MTL_ENABLE_DEBUG_INFO = NO;
				MTL_FAST_MATH = YES;
				SDKROOT = iphoneos;
				SWIFT_COMPILATION_MODE = wholemodule;
				SWIFT_OPTIMIZATION_LEVEL = "-O";
				VALIDATE_PRODUCT = YES;
			};
			name = Release;
		};
		5E9406F428D191BC00E3E1B3 /* Debug */ = {
			isa = XCBuildConfiguration;
			buildSettings = {
				ASSETCATALOG_COMPILER_APPICON_NAME = AppIcon;
				ASSETCATALOG_COMPILER_GLOBAL_ACCENT_COLOR_NAME = AccentColor;
				CODE_SIGN_STYLE = Automatic;
				CURRENT_PROJECT_VERSION = 1;
				DEVELOPMENT_ASSET_PATHS = "\"MoviesCentre/Preview Content\"";
				ENABLE_PREVIEWS = YES;
				GENERATE_INFOPLIST_FILE = YES;
				INFOPLIST_KEY_UIApplicationSceneManifest_Generation = YES;
				INFOPLIST_KEY_UIApplicationSupportsIndirectInputEvents = YES;
				INFOPLIST_KEY_UILaunchScreen_Generation = YES;
				INFOPLIST_KEY_UISupportedInterfaceOrientations_iPad = "UIInterfaceOrientationPortrait UIInterfaceOrientationPortraitUpsideDown UIInterfaceOrientationLandscapeLeft UIInterfaceOrientationLandscapeRight";
				INFOPLIST_KEY_UISupportedInterfaceOrientations_iPhone = "UIInterfaceOrientationPortrait UIInterfaceOrientationLandscapeLeft UIInterfaceOrientationLandscapeRight";
				LD_RUNPATH_SEARCH_PATHS = (
					"$(inherited)",
					"@executable_path/Frameworks",
				);
				MARKETING_VERSION = 1.0;
				PRODUCT_BUNDLE_IDENTIFIER = com.thoughtworks.MoviesCentre;
				PRODUCT_NAME = "$(TARGET_NAME)";
				SWIFT_EMIT_LOC_STRINGS = YES;
				SWIFT_VERSION = 5.0;
				TARGETED_DEVICE_FAMILY = "1,2";
			};
			name = Debug;
		};
		5E9406F528D191BC00E3E1B3 /* Release */ = {
			isa = XCBuildConfiguration;
			buildSettings = {
				ASSETCATALOG_COMPILER_APPICON_NAME = AppIcon;
				ASSETCATALOG_COMPILER_GLOBAL_ACCENT_COLOR_NAME = AccentColor;
				CODE_SIGN_STYLE = Automatic;
				CURRENT_PROJECT_VERSION = 1;
				DEVELOPMENT_ASSET_PATHS = "\"MoviesCentre/Preview Content\"";
				ENABLE_PREVIEWS = YES;
				GENERATE_INFOPLIST_FILE = YES;
				INFOPLIST_KEY_UIApplicationSceneManifest_Generation = YES;
				INFOPLIST_KEY_UIApplicationSupportsIndirectInputEvents = YES;
				INFOPLIST_KEY_UILaunchScreen_Generation = YES;
				INFOPLIST_KEY_UISupportedInterfaceOrientations_iPad = "UIInterfaceOrientationPortrait UIInterfaceOrientationPortraitUpsideDown UIInterfaceOrientationLandscapeLeft UIInterfaceOrientationLandscapeRight";
				INFOPLIST_KEY_UISupportedInterfaceOrientations_iPhone = "UIInterfaceOrientationPortrait UIInterfaceOrientationLandscapeLeft UIInterfaceOrientationLandscapeRight";
				LD_RUNPATH_SEARCH_PATHS = (
					"$(inherited)",
					"@executable_path/Frameworks",
				);
				MARKETING_VERSION = 1.0;
				PRODUCT_BUNDLE_IDENTIFIER = com.thoughtworks.MoviesCentre;
				PRODUCT_NAME = "$(TARGET_NAME)";
				SWIFT_EMIT_LOC_STRINGS = YES;
				SWIFT_VERSION = 5.0;
				TARGETED_DEVICE_FAMILY = "1,2";
			};
			name = Release;
		};
		5E94070128D192FA00E3E1B3 /* Debug */ = {
			isa = XCBuildConfiguration;
			buildSettings = {
				BUNDLE_LOADER = "$(TEST_HOST)";
				CODE_SIGN_STYLE = Automatic;
				CURRENT_PROJECT_VERSION = 1;
				GENERATE_INFOPLIST_FILE = YES;
				MARKETING_VERSION = 1.0;
				PRODUCT_BUNDLE_IDENTIFIER = com.thoughtworks.MoviesCentreTests;
				PRODUCT_NAME = "$(TARGET_NAME)";
				SWIFT_EMIT_LOC_STRINGS = NO;
				SWIFT_VERSION = 5.0;
				TARGETED_DEVICE_FAMILY = "1,2";
				TEST_HOST = "$(BUILT_PRODUCTS_DIR)/MoviesCentre.app/MoviesCentre";
			};
			name = Debug;
		};
		5E94070228D192FA00E3E1B3 /* Release */ = {
			isa = XCBuildConfiguration;
			buildSettings = {
				BUNDLE_LOADER = "$(TEST_HOST)";
				CODE_SIGN_STYLE = Automatic;
				CURRENT_PROJECT_VERSION = 1;
				GENERATE_INFOPLIST_FILE = YES;
				MARKETING_VERSION = 1.0;
				PRODUCT_BUNDLE_IDENTIFIER = com.thoughtworks.MoviesCentreTests;
				PRODUCT_NAME = "$(TARGET_NAME)";
				SWIFT_EMIT_LOC_STRINGS = NO;
				SWIFT_VERSION = 5.0;
				TARGETED_DEVICE_FAMILY = "1,2";
				TEST_HOST = "$(BUILT_PRODUCTS_DIR)/MoviesCentre.app/MoviesCentre";
			};
			name = Release;
		};
/* End XCBuildConfiguration section */

/* Begin XCConfigurationList section */
		5E9406E028D191BA00E3E1B3 /* Build configuration list for PBXProject "MoviesCentre" */ = {
			isa = XCConfigurationList;
			buildConfigurations = (
				5E9406F128D191BC00E3E1B3 /* Debug */,
				5E9406F228D191BC00E3E1B3 /* Release */,
			);
			defaultConfigurationIsVisible = 0;
			defaultConfigurationName = Release;
		};
		5E9406F328D191BC00E3E1B3 /* Build configuration list for PBXNativeTarget "MoviesCentre" */ = {
			isa = XCConfigurationList;
			buildConfigurations = (
				5E9406F428D191BC00E3E1B3 /* Debug */,
				5E9406F528D191BC00E3E1B3 /* Release */,
			);
			defaultConfigurationIsVisible = 0;
			defaultConfigurationName = Release;
		};
		5E94070028D192FA00E3E1B3 /* Build configuration list for PBXNativeTarget "MoviesCentreTests" */ = {
			isa = XCConfigurationList;
			buildConfigurations = (
				5E94070128D192FA00E3E1B3 /* Debug */,
				5E94070228D192FA00E3E1B3 /* Release */,
			);
			defaultConfigurationIsVisible = 0;
			defaultConfigurationName = Release;
		};
/* End XCConfigurationList section */
	};
	rootObject = 5E9406DD28D191BA00E3E1B3 /* Project object */;
}
